
Microsoft Visual Studio Solution File, Format Version 12.00
# Visual Studio Version 17
VisualStudioVersion = 17.6.33829.357
MinimumVisualStudioVersion = 10.0.40219.1
Project("{FAE04EC0-301F-11D3-BF4B-00C04F79EFBC}") = "MyFirstCustomerProject", "MyFirstCustomerProject\MyFirstCustomerProject.csproj", "{097D6588-B020-4503-8FCC-2718E7D5D089}"
EndProject
Global
	GlobalSection(SolutionConfigurationPlatforms) = preSolution
		Debug|Any CPU = Debug|Any CPU
		Release|Any CPU = Release|Any CPU
	EndGlobalSection
	GlobalSection(ProjectConfigurationPlatforms) = postSolution
		{097D6588-B020-4503-8FCC-2718E7D5D089}.Debug|Any CPU.ActiveCfg = Debug|Any CPU
		{097D6588-B020-4503-8FCC-2718E7D5D089}.Debug|Any CPU.Build.0 = Debug|Any CPU
		{097D6588-B020-4503-8FCC-2718E7D5D089}.Release|Any CPU.ActiveCfg = Release|Any CPU
		{097D6588-B020-4503-8FCC-2718E7D5D089}.Release|Any CPU.Build.0 = Release|Any CPU
	EndGlobalSection
	GlobalSection(SolutionProperties) = preSolution
		HideSolutionNode = FALSE
	EndGlobalSection
	GlobalSection(ExtensibilityGlobals) = postSolution
		SolutionGuid = {EA660B8D-DDF0-473F-9259-97DED69C2404}
	EndGlobalSection
EndGlobal
